
Microsoft Visual Studio Solution File, Format Version 12.00
# Visual Studio Version 16
VisualStudioVersion = 16.0.31019.35
MinimumVisualStudioVersion = 10.0.40219.1
Project("{FAE04EC0-301F-11D3-BF4B-00C04F79EFBC}") = "WireframeMock.WinApp", "WireframeMock.WinApp\WireframeMock.WinApp.csproj", "{16849DD8-17CC-4167-AEF5-A8B1EABD615B}"
EndProject
Global
	GlobalSection(SolutionConfigurationPlatforms) = preSolution
		Debug|Any CPU = Debug|Any CPU
		Release|Any CPU = Release|Any CPU
	EndGlobalSection
	GlobalSection(ProjectConfigurationPlatforms) = postSolution
		{16849DD8-17CC-4167-AEF5-A8B1EABD615B}.Debug|Any CPU.ActiveCfg = Debug|Any CPU
		{16849DD8-17CC-4167-AEF5-A8B1EABD615B}.Debug|Any CPU.Build.0 = Debug|Any CPU
		{16849DD8-17CC-4167-AEF5-A8B1EABD615B}.Release|Any CPU.ActiveCfg = Release|Any CPU
		{16849DD8-17CC-4167-AEF5-A8B1EABD615B}.Release|Any CPU.Build.0 = Release|Any CPU
	EndGlobalSection
	GlobalSection(SolutionProperties) = preSolution
		HideSolutionNode = FALSE
	EndGlobalSection
	GlobalSection(ExtensibilityGlobals) = postSolution
		SolutionGuid = {13D6BD3F-D44E-4633-A2A9-BBA108DFCA53}
	EndGlobalSection
EndGlobal
